
Microsoft Visual Studio Solution File, Format Version 12.00
# Visual Studio Version 17
VisualStudioVersion = 17.0.31903.59
MinimumVisualStudioVersion = 10.0.40219.1
Project("{2150E333-8FDC-42A3-9474-1A3956D46DE8}") = "src", "src", "{0808FB28-6DC2-4EF5-BAD9-46839AEB4A3F}"
EndProject
Project("{2150E333-8FDC-42A3-9474-1A3956D46DE8}") = "Services", "Services", "{7B9D54BA-C660-460C-A540-F4524778CFE3}"
EndProject
Project("{9A19103F-16F7-4668-BE54-9A1E7A4F7556}") = "UserService", "src\Services\UserService\UserService.csproj", "{3CE54049-FA3D-452F-A86D-9D0A71BCC370}"
EndProject
Project("{9A19103F-16F7-4668-BE54-9A1E7A4F7556}") = "CourseService", "src\Services\CourseService\CourseService.csproj", "{5D3861FB-A1C1-46F0-A4F2-39F43DD44DB3}"
EndProject
Project("{9A19103F-16F7-4668-BE54-9A1E7A4F7556}") = "EnrollmentService", "src\Services\EnrollmentService\EnrollmentService.csproj", "{1A73EBA6-6A04-4996-8170-80156A17DB08}"
EndProject
Project("{2150E333-8FDC-42A3-9474-1A3956D46DE8}") = "SharedLibraries", "SharedLibraries", "{3DFCB2AD-E1E6-4EC0-BF2F-DD5273DA777B}"
EndProject
Project("{9A19103F-16F7-4668-BE54-9A1E7A4F7556}") = "MyAcademy.Shared", "src\SharedLibraries\MyAcademy.Shared\MyAcademy.Shared.csproj", "{0E2FD988-DE65-437A-A2B6-8C97E3981351}"
EndProject
Project("{9A19103F-16F7-4668-BE54-9A1E7A4F7556}") = "MyAcademy.Logging", "src\SharedLibraries\MyAcademy.Logging\MyAcademy.Logging.csproj", "{1CA927EF-688D-460E-8843-C522C3414BBA}"
EndProject
Project("{2150E333-8FDC-42A3-9474-1A3956D46DE8}") = "tests", "tests", "{4458F450-5C39-4D2B-BF84-2CEF87E3F5F9}"
EndProject
Project("{2150E333-8FDC-42A3-9474-1A3956D46DE8}") = "UnitTests", "UnitTests", "{D2C58A4A-ECFE-46B4-8B12-10494F59C11C}"
EndProject
Project("{9A19103F-16F7-4668-BE54-9A1E7A4F7556}") = "UserService.Tests", "tests\UnitTests\UserService.Tests\UserService.Tests.csproj", "{3D6C7979-12D3-448A-A02B-8A8CBF38DFE9}"
EndProject
Project("{2150E333-8FDC-42A3-9474-1A3956D46DE8}") = "IdentityService", "IdentityService", "{FB608F66-629F-4191-9ED7-C8CD11BF78CB}"
EndProject
Project("{9A19103F-16F7-4668-BE54-9A1E7A4F7556}") = "IdentityService", "src\IdentityService\IdentityService\IdentityService.csproj", "{119FFCFA-7065-4E27-8667-4DF934012C46}"
EndProject
Project("{2150E333-8FDC-42A3-9474-1A3956D46DE8}") = "Gateway", "Gateway", "{30965034-1799-4319-9B1F-E6CC357C9EAF}"
EndProject
Project("{9A19103F-16F7-4668-BE54-9A1E7A4F7556}") = "Gateway", "src\Gateway\Gateway\Gateway.csproj", "{D0664AB3-F19B-47EB-8BDE-2BD1E3BE8491}"
EndProject
Project("{2150E333-8FDC-42A3-9474-1A3956D46DE8}") = "UI", "UI", "{94A4458D-DB8D-4DC6-A705-F6AD37949151}"
EndProject
Project("{9A19103F-16F7-4668-BE54-9A1E7A4F7556}") = "MyAcademy.UI", "src\UI\MyAcademy.UI\MyAcademy.UI.csproj", "{1C449F60-6EC7-4880-B428-5F1346AB5A4B}"
EndProject
Project("{2150E333-8FDC-42A3-9474-1A3956D46DE8}") = "IntegrationTests", "IntegrationTests", "{0B63E1FD-F527-4357-8D51-F7EF8E1B053F}"
EndProject
Project("{9A19103F-16F7-4668-BE54-9A1E7A4F7556}") = "MyAcademy.IntegrationTests", "tests\IntegrationTests\MyAcademy.IntegrationTests\MyAcademy.IntegrationTests.csproj", "{5C6CE3EE-1F7E-4DB5-AC15-7C678088B4B6}"
EndProject
Global
	GlobalSection(SolutionConfigurationPlatforms) = preSolution
		Debug|Any CPU = Debug|Any CPU
		Release|Any CPU = Release|Any CPU
	EndGlobalSection
	GlobalSection(ProjectConfigurationPlatforms) = postSolution
		{3CE54049-FA3D-452F-A86D-9D0A71BCC370}.Debug|Any CPU.ActiveCfg = Debug|Any CPU
		{3CE54049-FA3D-452F-A86D-9D0A71BCC370}.Debug|Any CPU.Build.0 = Debug|Any CPU
		{3CE54049-FA3D-452F-A86D-9D0A71BCC370}.Release|Any CPU.ActiveCfg = Release|Any CPU
		{3CE54049-FA3D-452F-A86D-9D0A71BCC370}.Release|Any CPU.Build.0 = Release|Any CPU
		{5D3861FB-A1C1-46F0-A4F2-39F43DD44DB3}.Debug|Any CPU.ActiveCfg = Debug|Any CPU
		{5D3861FB-A1C1-46F0-A4F2-39F43DD44DB3}.Debug|Any CPU.Build.0 = Debug|Any CPU
		{5D3861FB-A1C1-46F0-A4F2-39F43DD44DB3}.Release|Any CPU.ActiveCfg = Release|Any CPU
		{5D3861FB-A1C1-46F0-A4F2-39F43DD44DB3}.Release|Any CPU.Build.0 = Release|Any CPU
		{1A73EBA6-6A04-4996-8170-80156A17DB08}.Debug|Any CPU.ActiveCfg = Debug|Any CPU
		{1A73EBA6-6A04-4996-8170-80156A17DB08}.Debug|Any CPU.Build.0 = Debug|Any CPU
		{1A73EBA6-6A04-4996-8170-80156A17DB08}.Release|Any CPU.ActiveCfg = Release|Any CPU
		{1A73EBA6-6A04-4996-8170-80156A17DB08}.Release|Any CPU.Build.0 = Release|Any CPU
		{0E2FD988-DE65-437A-A2B6-8C97E3981351}.Debug|Any CPU.ActiveCfg = Debug|Any CPU
		{0E2FD988-DE65-437A-A2B6-8C97E3981351}.Debug|Any CPU.Build.0 = Debug|Any CPU
		{0E2FD988-DE65-437A-A2B6-8C97E3981351}.Release|Any CPU.ActiveCfg = Release|Any CPU
		{0E2FD988-DE65-437A-A2B6-8C97E3981351}.Release|Any CPU.Build.0 = Release|Any CPU
		{1CA927EF-688D-460E-8843-C522C3414BBA}.Debug|Any CPU.ActiveCfg = Debug|Any CPU
		{1CA927EF-688D-460E-8843-C522C3414BBA}.Debug|Any CPU.Build.0 = Debug|Any CPU
		{1CA927EF-688D-460E-8843-C522C3414BBA}.Release|Any CPU.ActiveCfg = Release|Any CPU
		{1CA927EF-688D-460E-8843-C522C3414BBA}.Release|Any CPU.Build.0 = Release|Any CPU
		{3D6C7979-12D3-448A-A02B-8A8CBF38DFE9}.Debug|Any CPU.ActiveCfg = Debug|Any CPU
		{3D6C7979-12D3-448A-A02B-8A8CBF38DFE9}.Debug|Any CPU.Build.0 = Debug|Any CPU
		{3D6C7979-12D3-448A-A02B-8A8CBF38DFE9}.Release|Any CPU.ActiveCfg = Release|Any CPU
		{3D6C7979-12D3-448A-A02B-8A8CBF38DFE9}.Release|Any CPU.Build.0 = Release|Any CPU
		{119FFCFA-7065-4E27-8667-4DF934012C46}.Debug|Any CPU.ActiveCfg = Debug|Any CPU
		{119FFCFA-7065-4E27-8667-4DF934012C46}.Debug|Any CPU.Build.0 = Debug|Any CPU
		{119FFCFA-7065-4E27-8667-4DF934012C46}.Release|Any CPU.ActiveCfg = Release|Any CPU
		{119FFCFA-7065-4E27-8667-4DF934012C46}.Release|Any CPU.Build.0 = Release|Any CPU
		{D0664AB3-F19B-47EB-8BDE-2BD1E3BE8491}.Debug|Any CPU.ActiveCfg = Debug|Any CPU
		{D0664AB3-F19B-47EB-8BDE-2BD1E3BE8491}.Debug|Any CPU.Build.0 = Debug|Any CPU
		{D0664AB3-F19B-47EB-8BDE-2BD1E3BE8491}.Release|Any CPU.ActiveCfg = Release|Any CPU
		{D0664AB3-F19B-47EB-8BDE-2BD1E3BE8491}.Release|Any CPU.Build.0 = Release|Any CPU
		{1C449F60-6EC7-4880-B428-5F1346AB5A4B}.Debug|Any CPU.ActiveCfg = Debug|Any CPU
		{1C449F60-6EC7-4880-B428-5F1346AB5A4B}.Debug|Any CPU.Build.0 = Debug|Any CPU
		{1C449F60-6EC7-4880-B428-5F1346AB5A4B}.Release|Any CPU.ActiveCfg = Release|Any CPU
		{1C449F60-6EC7-4880-B428-5F1346AB5A4B}.Release|Any CPU.Build.0 = Release|Any CPU
		{5C6CE3EE-1F7E-4DB5-AC15-7C678088B4B6}.Debug|Any CPU.ActiveCfg = Debug|Any CPU
		{5C6CE3EE-1F7E-4DB5-AC15-7C678088B4B6}.Debug|Any CPU.Build.0 = Debug|Any CPU
		{5C6CE3EE-1F7E-4DB5-AC15-7C678088B4B6}.Release|Any CPU.ActiveCfg = Release|Any CPU
		{5C6CE3EE-1F7E-4DB5-AC15-7C678088B4B6}.Release|Any CPU.Build.0 = Release|Any CPU
	EndGlobalSection
	GlobalSection(SolutionProperties) = preSolution
		HideSolutionNode = FALSE
	EndGlobalSection
	GlobalSection(NestedProjects) = preSolution
		{7B9D54BA-C660-460C-A540-F4524778CFE3} = {0808FB28-6DC2-4EF5-BAD9-46839AEB4A3F}
		{3CE54049-FA3D-452F-A86D-9D0A71BCC370} = {7B9D54BA-C660-460C-A540-F4524778CFE3}
		{5D3861FB-A1C1-46F0-A4F2-39F43DD44DB3} = {7B9D54BA-C660-460C-A540-F4524778CFE3}
		{1A73EBA6-6A04-4996-8170-80156A17DB08} = {7B9D54BA-C660-460C-A540-F4524778CFE3}
		{3DFCB2AD-E1E6-4EC0-BF2F-DD5273DA777B} = {0808FB28-6DC2-4EF5-BAD9-46839AEB4A3F}
		{0E2FD988-DE65-437A-A2B6-8C97E3981351} = {3DFCB2AD-E1E6-4EC0-BF2F-DD5273DA777B}
		{1CA927EF-688D-460E-8843-C522C3414BBA} = {3DFCB2AD-E1E6-4EC0-BF2F-DD5273DA777B}
		{D2C58A4A-ECFE-46B4-8B12-10494F59C11C} = {4458F450-5C39-4D2B-BF84-2CEF87E3F5F9}
		{3D6C7979-12D3-448A-A02B-8A8CBF38DFE9} = {D2C58A4A-ECFE-46B4-8B12-10494F59C11C}
		{FB608F66-629F-4191-9ED7-C8CD11BF78CB} = {0808FB28-6DC2-4EF5-BAD9-46839AEB4A3F}
		{119FFCFA-7065-4E27-8667-4DF934012C46} = {FB608F66-629F-4191-9ED7-C8CD11BF78CB}
		{30965034-1799-4319-9B1F-E6CC357C9EAF} = {0808FB28-6DC2-4EF5-BAD9-46839AEB4A3F}
		{D0664AB3-F19B-47EB-8BDE-2BD1E3BE8491} = {30965034-1799-4319-9B1F-E6CC357C9EAF}
		{94A4458D-DB8D-4DC6-A705-F6AD37949151} = {0808FB28-6DC2-4EF5-BAD9-46839AEB4A3F}
		{1C449F60-6EC7-4880-B428-5F1346AB5A4B} = {94A4458D-DB8D-4DC6-A705-F6AD37949151}
		{0B63E1FD-F527-4357-8D51-F7EF8E1B053F} = {4458F450-5C39-4D2B-BF84-2CEF87E3F5F9}
		{5C6CE3EE-1F7E-4DB5-AC15-7C678088B4B6} = {0B63E1FD-F527-4357-8D51-F7EF8E1B053F}
	EndGlobalSection
EndGlobal
